# Generated from tools/requirements.txt plus quality tools for the supported Linux amd64 CPython 3.11 tooling image.
# Refresh by downloading release artifacts with pip, independently reviewing versions, and recording real sha256 hashes.
# This lock intentionally has exactly one reviewed wheel hash per package; cross-platform builds are not supported.
annotated-types==0.8.0 \
    --hash=sha256:f072f4d804ea359e4eaf198b1af7a8b0943881a87f31bb764f8bf219bb9419e0
ansible-compat==26.6.0 \
    --hash=sha256:739c4d10c791000c4b353f5e725e9ebafb6384dbeb00b94c7c8ac3ee2c172337
ansible-core==2.19.11 \
    --hash=sha256:c39612b1f55a3321445a09eaee43f59ca6c849483792088a4767b97d8fe8580f
ansible-lint==26.6.0 \
    --hash=sha256:162939615eae3b59f38bd829542642b586ccee17eefb0df8718ea4b092eee222
ast-serialize==0.6.0 \
    --hash=sha256:dcbed41e9386059fc0261d602445ede0976c2ecec2939688bcbcb9ed0b6f28b7
attrs==26.1.0 \
    --hash=sha256:c647aa4a12dfbad9333ca4e71fe62ddc36f4e63b2d260a37a8b83d2f043ac309
black==26.5.1 \
    --hash=sha256:5119fa92ae61f786e8c3662fd60aece1d0a2dd5cca5d0c79417a95e7a4272a59
bracex==3.0 \
    --hash=sha256:3833e61c2f092d5aa0468fa2e6c6e990a306185abf763b6d122f0158e59c58a5
certifi==2026.6.17 \
    --hash=sha256:2227dcbaafe0d2f59279d1762ddddc37783ed4354594f194ffc31d20f41fc3db
cffi==2.0.0 \
    --hash=sha256:8941aaadaf67246224cee8c3803777eed332a19d909b47e29c9842ef1e79ac26
charset-normalizer==3.4.7 \
    --hash=sha256:2fe249cb4651fd12605b7288b24751d8bfd46d35f12a20b1ba33dea122e690df
click==8.4.2 \
    --hash=sha256:e6f9f66136c816745b9d65817da91d61d957fb16e02e4dcd0552553c5a197b76
cryptography==49.0.0 \
    --hash=sha256:0e959b578856a3924bc0cbb710fc12c387b9412a951389f3ca61704a9e25f325
coverage==7.13.3 \
    --hash=sha256:0c2be202a83dde768937a61cdc5d06bf9fb204048ca199d93479488e6247656c
distro==1.9.0 \
    --hash=sha256:7bffd925d65168f85027d8da9af6bddab658135b840670a223589bc0c8ef02b2
filelock==3.29.5 \
    --hash=sha256:8af830889ba3a0ffcefbd6c7d2af8a54012058103771f2e10848222f476a1693
idna==3.18 \
    --hash=sha256:7f952cbe720b688055e3f87de14f5c3e5fdaa8bc3928985c4077ca689de849a2
jinja2==3.1.6 \
    --hash=sha256:85ece4451f492d0c13c5dd7c13a64681a86afae63a5f347908daf103ce6d2f67
jmespath==1.1.0 \
    --hash=sha256:a5663118de4908c91729bea0acadca56526eb2698e83de10cd116ae0f4e97c64
jsonschema==4.26.0 \
    --hash=sha256:d489f15263b8d200f8387e64b4c3a75f06629559fb73deb8fdfb525f2dab50ce
jsonschema-specifications==2025.9.1 \
    --hash=sha256:98802fee3a11ee76ecaca44429fda8a41bff98b00a0f2838151b113f210cc6fe
lark==1.3.1 \
    --hash=sha256:c629b661023a014c37da873b4ff58a817398d12635d3bbb2c5a03be7fe5d1e12
librt==0.13.0 \
    --hash=sha256:7db9a3ff32ef5f7d1703d93831a3316cdf0b537de6a1cc03cc8fdd09b9194e89
markupsafe==3.0.3 \
    --hash=sha256:0bf2a864d67e76e5c9a34dc26ec616a66b9888e25e7b9460e1c76d3293bd9dbf
mypy==2.3.0 \
    --hash=sha256:982e3d53dd23d0a4cef67dd66791fdbede0cf38f9eb617bf47663554c51e1e36
mypy-extensions==1.1.0 \
    --hash=sha256:1be4cccdb0f2482337c4743e60421de3a356cd97508abadd57d47403e94f5505
packaging==26.2 \
    --hash=sha256:5fc45236b9446107ff2415ce77c807cee2862cb6fac22b8a73826d0693b0980e
passlib==1.7.4 \
    --hash=sha256:aa6bca462b8d8bda89c70b382f0c298a20b5560af6cbfa2dce410c0a2fb669f1
pathspec==1.1.1 \
    --hash=sha256:a00ce642f577bf7f473932318056212bc4f8bfdf53128c78bbd5af0b9b20b189
platformdirs==4.10.0 \
    --hash=sha256:fb516cdb12eb0d857d0cd85a7c57cea4d060bee4578d6cf5a14dfdf8cbf8784a
pycparser==3.0 \
    --hash=sha256:b727414169a36b7d524c1c3e31839a521725078d7b2ff038656844266160a992
pydantic==2.13.4 \
    --hash=sha256:45a282cde31d808236fd7ea9d919b128653c8b38b393d1c4ab335c62924d9aba
pydantic-core==2.46.4 \
    --hash=sha256:f9fa868638bf362d3d138ea55829cefb3d5f4b0d7f142234382a15e2485dbec4
python-hcl2==7.3.1 \
    --hash=sha256:6bf6036d3dffac04e05e6aa58ff6e9a3710bba2171325584dfd7b3f8c99c6d4d
pytokens==0.4.1 \
    --hash=sha256:b49750419d300e2b5a3813cf229d4e5a4c728dae470bcc89867a9ad6f25a722d
pyyaml==6.0.3 \
    --hash=sha256:b8bb0864c5a28024fac8a632c443c87c5aa6f215c0b126c449ae1a150412f31d
referencing==0.37.0 \
    --hash=sha256:381329a9f99628c9069361716891d34ad94af76e461dcb0335825aecc7692231
regex==2026.7.19 \
    --hash=sha256:09f3e5287f94f17b709dc9a9e70865855feee835c861613be144218ce4ca82cc
requests==2.34.2 \
    --hash=sha256:2a0d60c172f83ac6ab31e4554906c0f3b3588d37b5cb939b1c061f4907e278e0
resolvelib==1.2.1 \
    --hash=sha256:fb06b66c8da04172d9e72a21d7d06186d8919e32ae5ab5cdf5b9d920be805ac2
rpds-py==2026.6.3 \
    --hash=sha256:9c1255b302953c86a486b81d330d5ee1d5bd937691ce271b6be0ef0e299eaab7
ruamel-yaml==0.19.1 \
    --hash=sha256:27592957fedf6e0b62f281e96effd28043345e0e66001f97683aa9a40c667c93
ruamel-yaml-clib==0.2.15 \
    --hash=sha256:617d35dc765715fa86f8c3ccdae1e4229055832c452d4ec20856136acc75053f
ruff==0.16.1 \
    --hash=sha256:39897739f112253ee4fdd2e8aa9a4f9ded99fb2be367d5f31dfa4ded6025584c
subprocess-tee==0.4.2 \
    --hash=sha256:21942e976715af4a19a526918adb03a8a27a8edab959f2d075b777e3d78f532d
typing-extensions==4.16.0 \
    --hash=sha256:481caa481374e813c1b176ada14e97f1f67a4539ce9cfeb3f350d78d6370c2e8
typing-inspection==0.4.2 \
    --hash=sha256:4ed1cacbdc298c220f1bd249ed5287caa16f34d44ef4e9c3d0cbad5b521545e7
urllib3==2.7.0 \
    --hash=sha256:9fb4c81ebbb1ce9531cce37674bbc6f1360472bc18ca9a553ede278ef7276897
wcmatch==10.2.1 \
    --hash=sha256:2d775395b93f233af66690f62cb9d52b084ec159a31cc4084f4069d72f437acd
yamllint==1.38.0 \
    --hash=sha256:fc394a5b3be980a4062607b8fdddc0843f4fa394152b6da21722f5d59013c220
